
Microsoft Visual Studio Solution File, Format Version 12.00
# Visual Studio Version 17
VisualStudioVersion = 17.9.34723.18
MinimumVisualStudioVersion = 10.0.40219.1
Project("{C9674DCB-5085-4A16-B785-4C70DD1589BD}") = "Data_Flowtask_Dim_Accommodation", "Data_Flowtask_Dim_Accommodation\Data_Flowtask_Dim_Accommodation.dtproj", "{BEC949BD-E094-481D-8136-366B2E700F88}"
EndProject
Global
	GlobalSection(SolutionConfigurationPlatforms) = preSolution
		Development|Default = Development|Default
	EndGlobalSection
	GlobalSection(ProjectConfigurationPlatforms) = postSolution
		{BEC949BD-E094-481D-8136-366B2E700F88}.Development|Default.ActiveCfg = Development
		{BEC949BD-E094-481D-8136-366B2E700F88}.Development|Default.Build.0 = Development
	EndGlobalSection
	GlobalSection(SolutionProperties) = preSolution
		HideSolutionNode = FALSE
	EndGlobalSection
	GlobalSection(ExtensibilityGlobals) = postSolution
		SolutionGuid = {462842F0-5379-46BB-9F3E-7A3095C9EA66}
	EndGlobalSection
EndGlobal
